{
  "requires": true,
  "lockfileVersion": 1,
  "dependencies": {
    "inherits": {
      "version": "2.0.3",
      "resolved": "https://registry.npmjs.org/inherits/-/inherits-2.0.3.tgz",
      "integrity": "sha1-Yzwsg+PaQqUC9SRmAiSA9CCCYd4="
    },
    "murl": {
      "version": "0.4.1",
      "resolved": "https://registry.npmjs.org/murl/-/murl-0.4.1.tgz",
      "integrity": "sha1-SJ+8x/Gyt35onIQSClEznDhJyTk="
    },
    "network-address": {
      "version": "0.0.5",
      "resolved": "https://registry.npmjs.org/network-address/-/network-address-0.0.5.tgz",
      "integrity": "sha1-pAAiVDjKy2fNYQjo6CbVkgpwXcw="
    },
    "protein": {
      "version": "0.5.0",
      "resolved": "https://registry.npmjs.org/protein/-/protein-0.5.0.tgz",
      "integrity": "sha1-gKtOkZdJNRJj7xRQDWhOV8QgKEA="
    },
    "root": {
      "version": "3.2.0",
      "resolved": "https://registry.npmjs.org/root/-/root-3.2.0.tgz",
      "integrity": "sha512-wf5+B2EYTaLHSrepuC/5S2F6jZYid/t/hikYccZOfI7TvxecogoDC9c0DOrdOlcEeEmzmhzLt+QmjIQwxGVsNA==",
      "requires": {
        "inherits": "^2.0.3",
        "murl": "0.4.x",
        "network-address": "0.0.x",
        "protein": "0.5.x"
      }
    }
  }
}
